
Microsoft Visual Studio Solution File, Format Version 12.00
# Visual Studio 14
VisualStudioVersion = 14.0.24720.0
MinimumVisualStudioVersion = 10.0.40219.1
Project("{FAE04EC0-301F-11D3-BF4B-00C04F79EFBC}") = "Html-lab", "Html-lab\Html-lab.csproj", "{E467D6F6-A104-4812-9384-FAA95625E6D6}"
EndProject
Project("{FAE04EC0-301F-11D3-BF4B-00C04F79EFBC}") = "Html-lab2", "Html-lab2\Html-lab2.csproj", "{046A60A9-5EE1-47F3-BE78-7BAFBA291E6E}"
EndProject
Project("{FAE04EC0-301F-11D3-BF4B-00C04F79EFBC}") = "Html-lab3", "Html-lab3\Html-lab3.csproj", "{D0D63674-35E0-4095-A6CD-8F5F36E734CD}"
EndProject
Project("{FAE04EC0-301F-11D3-BF4B-00C04F79EFBC}") = "Html-lab4", "Html-lab4\Html-lab4.csproj", "{764C9AE9-091C-4714-9309-BB6538D81FAD}"
EndProject
Global
	GlobalSection(SolutionConfigurationPlatforms) = preSolution
		Debug|Any CPU = Debug|Any CPU
		Release|Any CPU = Release|Any CPU
	EndGlobalSection
	GlobalSection(ProjectConfigurationPlatforms) = postSolution
		{E467D6F6-A104-4812-9384-FAA95625E6D6}.Debug|Any CPU.ActiveCfg = Debug|Any CPU
		{E467D6F6-A104-4812-9384-FAA95625E6D6}.Debug|Any CPU.Build.0 = Debug|Any CPU
		{E467D6F6-A104-4812-9384-FAA95625E6D6}.Release|Any CPU.ActiveCfg = Release|Any CPU
		{E467D6F6-A104-4812-9384-FAA95625E6D6}.Release|Any CPU.Build.0 = Release|Any CPU
		{046A60A9-5EE1-47F3-BE78-7BAFBA291E6E}.Debug|Any CPU.ActiveCfg = Debug|Any CPU
		{046A60A9-5EE1-47F3-BE78-7BAFBA291E6E}.Debug|Any CPU.Build.0 = Debug|Any CPU
		{046A60A9-5EE1-47F3-BE78-7BAFBA291E6E}.Release|Any CPU.ActiveCfg = Release|Any CPU
		{046A60A9-5EE1-47F3-BE78-7BAFBA291E6E}.Release|Any CPU.Build.0 = Release|Any CPU
		{D0D63674-35E0-4095-A6CD-8F5F36E734CD}.Debug|Any CPU.ActiveCfg = Debug|Any CPU
		{D0D63674-35E0-4095-A6CD-8F5F36E734CD}.Debug|Any CPU.Build.0 = Debug|Any CPU
		{D0D63674-35E0-4095-A6CD-8F5F36E734CD}.Release|Any CPU.ActiveCfg = Release|Any CPU
		{D0D63674-35E0-4095-A6CD-8F5F36E734CD}.Release|Any CPU.Build.0 = Release|Any CPU
		{764C9AE9-091C-4714-9309-BB6538D81FAD}.Debug|Any CPU.ActiveCfg = Debug|Any CPU
		{764C9AE9-091C-4714-9309-BB6538D81FAD}.Debug|Any CPU.Build.0 = Debug|Any CPU
		{764C9AE9-091C-4714-9309-BB6538D81FAD}.Release|Any CPU.ActiveCfg = Release|Any CPU
		{764C9AE9-091C-4714-9309-BB6538D81FAD}.Release|Any CPU.Build.0 = Release|Any CPU
	EndGlobalSection
	GlobalSection(SolutionProperties) = preSolution
		HideSolutionNode = FALSE
	EndGlobalSection
EndGlobal
